
Microsoft Visual Studio Solution File, Format Version 12.00
# Visual Studio Version 17
VisualStudioVersion = 17.5.33530.505
MinimumVisualStudioVersion = 10.0.40219.1
Project("{FAE04EC0-301F-11D3-BF4B-00C04F79EFBC}") = "Buffering", "Buffering\Buffering.csproj", "{2F15EF5B-28FE-47F8-8AB5-A0D089BB6B66}"
EndProject
Project("{FAE04EC0-301F-11D3-BF4B-00C04F79EFBC}") = "Streaming", "Streaming\Streaming.csproj", "{4EBF3E46-FAD2-4BE2-8581-4AB83A3B6022}"
EndProject
Project("{FAE04EC0-301F-11D3-BF4B-00C04F79EFBC}") = "Tests", "Tests\Tests.csproj", "{7FB727A9-0F94-417C-919E-C67D23D0B18F}"
EndProject
Global
	GlobalSection(SolutionConfigurationPlatforms) = preSolution
		Debug|Any CPU = Debug|Any CPU
		Release|Any CPU = Release|Any CPU
	EndGlobalSection
	GlobalSection(ProjectConfigurationPlatforms) = postSolution
		{2F15EF5B-28FE-47F8-8AB5-A0D089BB6B66}.Debug|Any CPU.ActiveCfg = Debug|Any CPU
		{2F15EF5B-28FE-47F8-8AB5-A0D089BB6B66}.Debug|Any CPU.Build.0 = Debug|Any CPU
		{2F15EF5B-28FE-47F8-8AB5-A0D089BB6B66}.Release|Any CPU.ActiveCfg = Release|Any CPU
		{2F15EF5B-28FE-47F8-8AB5-A0D089BB6B66}.Release|Any CPU.Build.0 = Release|Any CPU
		{4EBF3E46-FAD2-4BE2-8581-4AB83A3B6022}.Debug|Any CPU.ActiveCfg = Debug|Any CPU
		{4EBF3E46-FAD2-4BE2-8581-4AB83A3B6022}.Debug|Any CPU.Build.0 = Debug|Any CPU
		{4EBF3E46-FAD2-4BE2-8581-4AB83A3B6022}.Release|Any CPU.ActiveCfg = Release|Any CPU
		{4EBF3E46-FAD2-4BE2-8581-4AB83A3B6022}.Release|Any CPU.Build.0 = Release|Any CPU
		{7FB727A9-0F94-417C-919E-C67D23D0B18F}.Debug|Any CPU.ActiveCfg = Debug|Any CPU
		{7FB727A9-0F94-417C-919E-C67D23D0B18F}.Debug|Any CPU.Build.0 = Debug|Any CPU
		{7FB727A9-0F94-417C-919E-C67D23D0B18F}.Release|Any CPU.ActiveCfg = Release|Any CPU
		{7FB727A9-0F94-417C-919E-C67D23D0B18F}.Release|Any CPU.Build.0 = Release|Any CPU
	EndGlobalSection
	GlobalSection(SolutionProperties) = preSolution
		HideSolutionNode = FALSE
	EndGlobalSection
	GlobalSection(ExtensibilityGlobals) = postSolution
		SolutionGuid = {7BB3BC9B-68B2-4467-ACC6-A354899431D8}
	EndGlobalSection
EndGlobal
